
Microsoft Visual Studio Solution File, Format Version 12.00
# Visual Studio Version 16
VisualStudioVersion = 16.0.31829.152
MinimumVisualStudioVersion = 10.0.40219.1
Project("{9A19103F-16F7-4668-BE54-9A1E7A4F7556}") = "Quic.Native", "dotnet\Quic.Native\Quic.Native.csproj", "{3FD4EC1D-BC54-4FB8-8954-2BEBD52DA36B}"
EndProject
Project("{9A19103F-16F7-4668-BE54-9A1E7A4F7556}") = "Quic.Implementation", "dotnet\Quic.Implementation\Quic.Implementation.csproj", "{59B06817-8000-414A-BD14-1C7664055F4A}"
EndProject
Project("{9A19103F-16F7-4668-BE54-9A1E7A4F7556}") = "Quic.Sandbox.Client", "dotnet\Quic.Sandbox.Client\Quic.Sandbox.Client.csproj", "{D3C3765B-F932-4ACF-949F-BD4C6337369A}"
EndProject
Project("{9A19103F-16F7-4668-BE54-9A1E7A4F7556}") = "Quic.Runner", "dotnet\Quic.Runner\Quic.Runner.csproj", "{3E0474CE-28B2-4A80-BA7F-70C785B1EEBB}"
EndProject
Global
	GlobalSection(SolutionConfigurationPlatforms) = preSolution
		Debug|Any CPU = Debug|Any CPU
		Release|Any CPU = Release|Any CPU
	EndGlobalSection
	GlobalSection(ProjectConfigurationPlatforms) = postSolution
		{3FD4EC1D-BC54-4FB8-8954-2BEBD52DA36B}.Debug|Any CPU.ActiveCfg = Debug|Any CPU
		{3FD4EC1D-BC54-4FB8-8954-2BEBD52DA36B}.Debug|Any CPU.Build.0 = Debug|Any CPU
		{3FD4EC1D-BC54-4FB8-8954-2BEBD52DA36B}.Release|Any CPU.ActiveCfg = Release|Any CPU
		{3FD4EC1D-BC54-4FB8-8954-2BEBD52DA36B}.Release|Any CPU.Build.0 = Release|Any CPU
		{59B06817-8000-414A-BD14-1C7664055F4A}.Debug|Any CPU.ActiveCfg = Debug|Any CPU
		{59B06817-8000-414A-BD14-1C7664055F4A}.Debug|Any CPU.Build.0 = Debug|Any CPU
		{59B06817-8000-414A-BD14-1C7664055F4A}.Release|Any CPU.ActiveCfg = Release|Any CPU
		{59B06817-8000-414A-BD14-1C7664055F4A}.Release|Any CPU.Build.0 = Release|Any CPU
		{D3C3765B-F932-4ACF-949F-BD4C6337369A}.Debug|Any CPU.ActiveCfg = Debug|Any CPU
		{D3C3765B-F932-4ACF-949F-BD4C6337369A}.Debug|Any CPU.Build.0 = Debug|Any CPU
		{D3C3765B-F932-4ACF-949F-BD4C6337369A}.Release|Any CPU.ActiveCfg = Release|Any CPU
		{D3C3765B-F932-4ACF-949F-BD4C6337369A}.Release|Any CPU.Build.0 = Release|Any CPU
		{3E0474CE-28B2-4A80-BA7F-70C785B1EEBB}.Debug|Any CPU.ActiveCfg = Debug|Any CPU
		{3E0474CE-28B2-4A80-BA7F-70C785B1EEBB}.Debug|Any CPU.Build.0 = Debug|Any CPU
		{3E0474CE-28B2-4A80-BA7F-70C785B1EEBB}.Release|Any CPU.ActiveCfg = Release|Any CPU
		{3E0474CE-28B2-4A80-BA7F-70C785B1EEBB}.Release|Any CPU.Build.0 = Release|Any CPU
	EndGlobalSection
	GlobalSection(SolutionProperties) = preSolution
		HideSolutionNode = FALSE
	EndGlobalSection
	GlobalSection(ExtensibilityGlobals) = postSolution
		SolutionGuid = {EC66F689-CA1B-42D2-9742-2853A5DE0440}
	EndGlobalSection
EndGlobal
