
Microsoft Visual Studio Solution File, Format Version 12.00
# Visual Studio Version 16
VisualStudioVersion = 16.0.31829.152
MinimumVisualStudioVersion = 10.0.40219.1
Project("{9A19103F-16F7-4668-BE54-9A1E7A4F7556}") = "VideoStreamer", "dotnet\VideoStreamer\VideoStreamer.csproj", "{C93F60BC-758A-4094-947F-0A375ABE793D}"
EndProject
Project("{9A19103F-16F7-4668-BE54-9A1E7A4F7556}") = "Quick.Runner", "dotnet\Quick.Console\Quick.Runner.csproj", "{3F27F9AA-4F14-4ABB-9FAE-18EE1DB3F3D3}"
EndProject
Project("{FAE04EC0-301F-11D3-BF4B-00C04F79EFBC}") = "Quick.Native", "dotnet\Quick.Native\Quick.Native.csproj", "{2D88E5B0-B26E-43B4-8243-2E7680EE6777}"
EndProject
Project("{FAE04EC0-301F-11D3-BF4B-00C04F79EFBC}") = "Quick.Implementation", "dotnet\Quick.Implementation\Quick.Implementation.csproj", "{5FAF0B33-5BB5-40F1-A12D-B76DC3F8DB51}"
EndProject
Global
	GlobalSection(SolutionConfigurationPlatforms) = preSolution
		Debug|Any CPU = Debug|Any CPU
		Release|Any CPU = Release|Any CPU
	EndGlobalSection
	GlobalSection(ProjectConfigurationPlatforms) = postSolution
		{C93F60BC-758A-4094-947F-0A375ABE793D}.Debug|Any CPU.ActiveCfg = Debug|Any CPU
		{C93F60BC-758A-4094-947F-0A375ABE793D}.Debug|Any CPU.Build.0 = Debug|Any CPU
		{C93F60BC-758A-4094-947F-0A375ABE793D}.Release|Any CPU.ActiveCfg = Release|Any CPU
		{C93F60BC-758A-4094-947F-0A375ABE793D}.Release|Any CPU.Build.0 = Release|Any CPU
		{3F27F9AA-4F14-4ABB-9FAE-18EE1DB3F3D3}.Debug|Any CPU.ActiveCfg = Debug|Any CPU
		{3F27F9AA-4F14-4ABB-9FAE-18EE1DB3F3D3}.Debug|Any CPU.Build.0 = Debug|Any CPU
		{3F27F9AA-4F14-4ABB-9FAE-18EE1DB3F3D3}.Release|Any CPU.ActiveCfg = Release|Any CPU
		{3F27F9AA-4F14-4ABB-9FAE-18EE1DB3F3D3}.Release|Any CPU.Build.0 = Release|Any CPU
		{2D88E5B0-B26E-43B4-8243-2E7680EE6777}.Debug|Any CPU.ActiveCfg = Debug|Any CPU
		{2D88E5B0-B26E-43B4-8243-2E7680EE6777}.Debug|Any CPU.Build.0 = Debug|Any CPU
		{2D88E5B0-B26E-43B4-8243-2E7680EE6777}.Release|Any CPU.ActiveCfg = Release|Any CPU
		{2D88E5B0-B26E-43B4-8243-2E7680EE6777}.Release|Any CPU.Build.0 = Release|Any CPU
		{5FAF0B33-5BB5-40F1-A12D-B76DC3F8DB51}.Debug|Any CPU.ActiveCfg = Debug|Any CPU
		{5FAF0B33-5BB5-40F1-A12D-B76DC3F8DB51}.Debug|Any CPU.Build.0 = Debug|Any CPU
		{5FAF0B33-5BB5-40F1-A12D-B76DC3F8DB51}.Release|Any CPU.ActiveCfg = Release|Any CPU
		{5FAF0B33-5BB5-40F1-A12D-B76DC3F8DB51}.Release|Any CPU.Build.0 = Release|Any CPU
	EndGlobalSection
	GlobalSection(SolutionProperties) = preSolution
		HideSolutionNode = FALSE
	EndGlobalSection
	GlobalSection(ExtensibilityGlobals) = postSolution
		SolutionGuid = {EC66F689-CA1B-42D2-9742-2853A5DE0440}
	EndGlobalSection
EndGlobal
